Microsoft Visual Studio Solution File, Format Version 8.00
Project("{8BC9CEB8-8B4A-11D0-8D11-00A0C91BC942}") = "Pointer2", "Pointer2.vcproj", "{28FD86C8-9D9D-4472-9122-75BC5DD033E9}"
	ProjectSection(ProjectDependencies) = postProject
	EndProjectSection
EndProject
Global
	GlobalSection(SolutionConfiguration) = preSolution
		Debug = Debug
		Release = Release
	EndGlobalSection
	GlobalSection(ProjectConfiguration) = postSolution
		{28FD86C8-9D9D-4472-9122-75BC5DD033E9}.Debug.ActiveCfg = Debug|Win32
		{28FD86C8-9D9D-4472-9122-75BC5DD033E9}.Debug.Build.0 = Debug|Win32
		{28FD86C8-9D9D-4472-9122-75BC5DD033E9}.Release.ActiveCfg = Release|Win32
		{28FD86C8-9D9D-4472-9122-75BC5DD033E9}.Release.Build.0 = Release|Win32
	EndGlobalSection
	GlobalSection(ExtensibilityGlobals) = postSolution
	EndGlobalSection
	GlobalSection(ExtensibilityAddIns) = postSolution
	EndGlobalSection
EndGlobal
